// !$*UTF8*$!
{
	archiveVersion = 1;
	classes = {
	};
	objectVersion = 55;
	objects = {

/* Begin PBXBuildFile section */
		846B6B0928598103000D01E0 /* AppDelegate.swift in Sources */ = {isa = PBXBuildFile; fileRef = 846B6B0828598103000D01E0 /* AppDelegate.swift */; };
		846B6B0B28598103000D01E0 /* SceneDelegate.swift in Sources */ = {isa = PBXBuildFile; fileRef = 846B6B0A28598103000D01E0 /* SceneDelegate.swift */; };
		846B6B0D28598103000D01E0 /* ViewController.swift in Sources */ = {isa = PBXBuildFile; fileRef = 846B6B0C28598103000D01E0 /* ViewController.swift */; };
		846B6B1028598103000D01E0 /* Main.storyboard in Resources */ = {isa = PBXBuildFile; fileRef = 846B6B0E28598103000D01E0 /* Main.storyboard */; };
		846B6B1228598107000D01E0 /* Assets.xcassets in Resources */ = {isa = PBXBuildFile; fileRef = 846B6B1128598107000D01E0 /* Assets.xcassets */; };
		846B6B1528598107000D01E0 /* LaunchScreen.storyboard in Resources */ = {isa = PBXBuildFile; fileRef = 846B6B1328598107000D01E0 /* LaunchScreen.storyboard */; };
		846B6B1F2859843E000D01E0 /* books.json in Resources */ = {isa = PBXBuildFile; fileRef = 846B6B1E2859843E000D01E0 /* books.json */; };
		846B6B21285986E9000D01E0 /* Model.swift in Sources */ = {isa = PBXBuildFile; fileRef = 846B6B20285986E9000D01E0 /* Model.swift */; };
		846B6B2528599444000D01E0 /* ListTable.swift in Sources */ = {isa = PBXBuildFile; fileRef = 846B6B2428599444000D01E0 /* ListTable.swift */; };
/* End PBXBuildFile section */

/* Begin PBXFileReference section */
		846B6B0528598103000D01E0 /* table_json.app */ = {isa = PBXFileReference; explicitFileType = wrapper.application; includeInIndex = 0; path = table_json.app; sourceTree = BUILT_PRODUCTS_DIR; };
		846B6B0828598103000D01E0 /* AppDelegate.swift */ = {isa = PBXFileReference; lastKnownFileType = sourcecode.swift; path = AppDelegate.swift; sourceTree = "<group>"; };
		846B6B0A28598103000D01E0 /* SceneDelegate.swift */ = {isa = PBXFileReference; lastKnownFileType = sourcecode.swift; path = SceneDelegate.swift; sourceTree = "<group>"; };
		846B6B0C28598103000D01E0 /* ViewController.swift */ = {isa = PBXFileReference; lastKnownFileType = sourcecode.swift; path = ViewController.swift; sourceTree = "<group>"; };
		846B6B0F28598103000D01E0 /* Base */ = {isa = PBXFileReference; lastKnownFileType = file.storyboard; name = Base; path = Base.lproj/Main.storyboard; sourceTree = "<group>"; };
		846B6B1128598107000D01E0 /* Assets.xcassets */ = {isa = PBXFileReference; lastKnownFileType = folder.assetcatalog; path = Assets.xcassets; sourceTree = "<group>"; };
		846B6B1428598107000D01E0 /* Base */ = {isa = PBXFileReference; lastKnownFileType = file.storyboard; name = Base; path = Base.lproj/LaunchScreen.storyboard; sourceTree = "<group>"; };
		846B6B1628598107000D01E0 /* Info.plist */ = {isa = PBXFileReference; lastKnownFileType = text.plist.xml; path = Info.plist; sourceTree = "<group>"; };
		846B6B1E2859843E000D01E0 /* books.json */ = {isa = PBXFileReference; fileEncoding = 4; lastKnownFileType = text.json; name = books.json; path = ../../../Downloads/books.json; sourceTree = "<group>"; };
		846B6B20285986E9000D01E0 /* Model.swift */ = {isa = PBXFileReference; lastKnownFileType = sourcecode.swift; path = Model.swift; sourceTree = "<group>"; };
		846B6B2428599444000D01E0 /* ListTable.swift */ = {isa = PBXFileReference; lastKnownFileType = sourcecode.swift; path = ListTable.swift; sourceTree = "<group>"; };
/* End PBXFileReference section */

/* Begin PBXFrameworksBuildPhase section */
		846B6B0228598103000D01E0 /* Frameworks */ = {
			isa = PBXFrameworksBuildPhase;
			buildActionMask = 2147483647;
			files = (
			);
			runOnlyForDeploymentPostprocessing = 0;
		};
/* End PBXFrameworksBuildPhase section */

/* Begin PBXGroup section */
		846B6AFC28598103000D01E0 = {
			isa = PBXGroup;
			children = (
				846B6B0728598103000D01E0 /* table_json */,
				846B6B0628598103000D01E0 /* Products */,
			);
			sourceTree = "<group>";
		};
		846B6B0628598103000D01E0 /* Products */ = {
			isa = PBXGroup;
			children = (
				846B6B0528598103000D01E0 /* table_json.app */,
			);
			name = Products;
			sourceTree = "<group>";
		};
		846B6B0728598103000D01E0 /* table_json */ = {
			isa = PBXGroup;
			children = (
				846B6B0828598103000D01E0 /* AppDelegate.swift */,
				846B6B0A28598103000D01E0 /* SceneDelegate.swift */,
				846B6B0C28598103000D01E0 /* ViewController.swift */,
				846B6B2428599444000D01E0 /* ListTable.swift */,
				846B6B20285986E9000D01E0 /* Model.swift */,
				846B6B0E28598103000D01E0 /* Main.storyboard */,
				846B6B1128598107000D01E0 /* Assets.xcassets */,
				846B6B1328598107000D01E0 /* LaunchScreen.storyboard */,
				846B6B1628598107000D01E0 /* Info.plist */,
				846B6B1E2859843E000D01E0 /* books.json */,
			);
			path = table_json;
			sourceTree = "<group>";
		};
/* End PBXGroup section */

/* Begin PBXNativeTarget section */
		846B6B0428598103000D01E0 /* table_json */ = {
			isa = PBXNativeTarget;
			buildConfigurationList = 846B6B1928598107000D01E0 /* Build configuration list for PBXNativeTarget "table_json" */;
			buildPhases = (
				846B6B0128598103000D01E0 /* Sources */,
				846B6B0228598103000D01E0 /* Frameworks */,
				846B6B0328598103000D01E0 /* Resources */,
			);
			buildRules = (
			);
			dependencies = (
			);
			name = table_json;
			productName = table_json;
			productReference = 846B6B0528598103000D01E0 /* table_json.app */;
			productType = "com.apple.product-type.application";
		};
/* End PBXNativeTarget section */

/* Begin PBXProject section */
		846B6AFD28598103000D01E0 /* Project object */ = {
			isa = PBXProject;
			attributes = {
				BuildIndependentTargetsInParallel = 1;
				LastSwiftUpdateCheck = 1330;
				LastUpgradeCheck = 1330;
				TargetAttributes = {
					846B6B0428598103000D01E0 = {
						CreatedOnToolsVersion = 13.3.1;
					};
				};
			};
			buildConfigurationList = 846B6B0028598103000D01E0 /* Build configuration list for PBXProject "table_json" */;
			compatibilityVersion = "Xcode 13.0";
			developmentRegion = en;
			hasScannedForEncodings = 0;
			knownRegions = (
				en,
				Base,
			);
			mainGroup = 846B6AFC28598103000D01E0;
			productRefGroup = 846B6B0628598103000D01E0 /* Products */;
			projectDirPath = "";
			projectRoot = "";
			targets = (
				846B6B0428598103000D01E0 /* table_json */,
			);
		};
/* End PBXProject section */

/* Begin PBXResourcesBuildPhase section */
		846B6B0328598103000D01E0 /* Resources */ = {
			isa = PBXResourcesBuildPhase;
			buildActionMask = 2147483647;
			files = (
				846B6B1F2859843E000D01E0 /* books.json in Resources */,
				846B6B1528598107000D01E0 /* LaunchScreen.storyboard in Resources */,
				846B6B1228598107000D01E0 /* Assets.xcassets in Resources */,
				846B6B1028598103000D01E0 /* Main.storyboard in Resources */,
			);
			runOnlyForDeploymentPostprocessing = 0;
		};
/* End PBXResourcesBuildPhase section */

/* Begin PBXSourcesBuildPhase section */
		846B6B0128598103000D01E0 /* Sources */ = {
			isa = PBXSourcesBuildPhase;
			buildActionMask = 2147483647;
			files = (
				846B6B0D28598103000D01E0 /* ViewController.swift in Sources */,
				846B6B2528599444000D01E0 /* ListTable.swift in Sources */,
				846B6B0928598103000D01E0 /* AppDelegate.swift in Sources */,
				846B6B0B28598103000D01E0 /* SceneDelegate.swift in Sources */,
				846B6B21285986E9000D01E0 /* Model.swift in Sources */,
			);
			runOnlyForDeploymentPostprocessing = 0;
		};
/* End PBXSourcesBuildPhase section */

/* Begin PBXVariantGroup section */
		846B6B0E28598103000D01E0 /* Main.storyboard */ = {
			isa = PBXVariantGroup;
			children = (
				846B6B0F28598103000D01E0 /* Base */,
			);
			name = Main.storyboard;
			sourceTree = "<group>";
		};
		846B6B1328598107000D01E0 /* LaunchScreen.storyboard */ = {
			isa = PBXVariantGroup;
			children = (
				846B6B1428598107000D01E0 /* Base */,
			);
			name = LaunchScreen.storyboard;
			sourceTree = "<group>";
		};
/* End PBXVariantGroup section */

/* Begin XCBuildConfiguration section */
		846B6B1728598107000D01E0 /* Debug */ = {
			isa = XCBuildConfiguration;
			buildSettings = {
				ALWAYS_SEARCH_USER_PATHS = NO;
				CLANG_ANALYZER_NONNULL = YES;
				CLANG_ANALYZER_NUMBER_OBJECT_CONVERSION = YES_AGGRESSIVE;
				CLANG_CXX_LANGUAGE_STANDARD = "gnu++17";
				CLANG_ENABLE_MODULES = YES;
				CLANG_ENABLE_OBJC_ARC = YES;
				CLANG_ENABLE_OBJC_WEAK = YES;
				CLANG_WARN_BLOCK_CAPTURE_AUTORELEASING = YES;
				CLANG_WARN_BOOL_CONVERSION = YES;
				CLANG_WARN_COMMA = YES;
				CLANG_WARN_CONSTANT_CONVERSION = YES;
				CLANG_WARN_DEPRECATED_OBJC_IMPLEMENTATIONS = YES;
				CLANG_WARN_DIRECT_OBJC_ISA_USAGE = YES_ERROR;
				CLANG_WARN_DOCUMENTATION_COMMENTS = YES;
				CLANG_WARN_EMPTY_BODY = YES;
				CLANG_WARN_ENUM_CONVERSION = YES;
				CLANG_WARN_INFINITE_RECURSION = YES;
				CLANG_WARN_INT_CONVERSION = YES;
				CLANG_WARN_NON_LITERAL_NULL_CONVERSION = YES;
				CLANG_WARN_OBJC_IMPLICIT_RETAIN_SELF = YES;
				CLANG_WARN_OBJC_LITERAL_CONVERSION = YES;
				CLANG_WARN_OBJC_ROOT_CLASS = YES_ERROR;
				CLANG_WARN_QUOTED_INCLUDE_IN_FRAMEWORK_HEADER = YES;
				CLANG_WARN_RANGE_LOOP_ANALYSIS = YES;
				CLANG_WARN_STRICT_PROTOTYPES = YES;
				CLANG_WARN_SUSPICIOUS_MOVE = YES;
				CLANG_WARN_UNGUARDED_AVAILABILITY = YES_AGGRESSIVE;
				CLANG_WARN_UNREACHABLE_CODE = YES;
				CLANG_WARN__DUPLICATE_METHOD_MATCH = YES;
				COPY_PHASE_STRIP = NO;
				DEBUG_INFORMATION_FORMAT = dwarf;
				ENABLE_STRICT_OBJC_MSGSEND = YES;
				ENABLE_TESTABILITY = YES;
				GCC_C_LANGUAGE_STANDARD = gnu11;
				GCC_DYNAMIC_NO_PIC = NO;
				GCC_NO_COMMON_BLOCKS = YES;
				GCC_OPTIMIZATION_LEVEL = 0;
				GCC_PREPROCESSOR_DEFINITIONS = (
					"DEBUG=1",
					"$(inherited)",
				);
				GCC_WARN_64_TO_32_BIT_CONVERSION = YES;
				GCC_WARN_ABOUT_RETURN_TYPE = YES_ERROR;
				GCC_WARN_UNDECLARED_SELECTOR = YES;
				GCC_WARN_UNINITIALIZED_AUTOS = YES_AGGRESSIVE;
				GCC_WARN_UNUSED_FUNCTION = YES;
				GCC_WARN_UNUSED_VARIABLE = YES;
				IPHONEOS_DEPLOYMENT_TARGET = 15.4;
				MTL_ENABLE_DEBUG_INFO = INCLUDE_SOURCE;
				MTL_FAST_MATH = YES;
				ONLY_ACTIVE_ARCH = YES;
				SDKROOT = iphoneos;
				SWIFT_ACTIVE_COMPILATION_CONDITIONS = DEBUG;
				SWIFT_OPTIMIZATION_LEVEL = "-Onone";
			};
			name = Debug;
		};
		846B6B1828598107000D01E0 /* Release */ = {
			isa = XCBuildConfiguration;
			buildSettings = {
				ALWAYS_SEARCH_USER_PATHS = NO;
				CLANG_ANALYZER_NONNULL = YES;
				CLANG_ANALYZER_NUMBER_OBJECT_CONVERSION = YES_AGGRESSIVE;
				CLANG_CXX_LANGUAGE_STANDARD = "gnu++17";
				CLANG_ENABLE_MODULES = YES;
				CLANG_ENABLE_OBJC_ARC = YES;
				CLANG_ENABLE_OBJC_WEAK = YES;
				CLANG_WARN_BLOCK_CAPTURE_AUTORELEASING = YES;
				CLANG_WARN_BOOL_CONVERSION = YES;
				CLANG_WARN_COMMA = YES;
				CLANG_WARN_CONSTANT_CONVERSION = YES;
				CLANG_WARN_DEPRECATED_OBJC_IMPLEMENTATIONS = YES;
				CLANG_WARN_DIRECT_OBJC_ISA_USAGE = YES_ERROR;
				CLANG_WARN_DOCUMENTATION_COMMENTS = YES;
				CLANG_WARN_EMPTY_BODY = YES;
				CLANG_WARN_ENUM_CONVERSION = YES;
				CLANG_WARN_INFINITE_RECURSION = YES;
				CLANG_WARN_INT_CONVERSION = YES;
				CLANG_WARN_NON_LITERAL_NULL_CONVERSION = YES;
				CLANG_WARN_OBJC_IMPLICIT_RETAIN_SELF = YES;
				CLANG_WARN_OBJC_LITERAL_CONVERSION = YES;
				CLANG_WARN_OBJC_ROOT_CLASS = YES_ERROR;
				CLANG_WARN_QUOTED_INCLUDE_IN_FRAMEWORK_HEADER = YES;
				CLANG_WARN_RANGE_LOOP_ANALYSIS = YES;
				CLANG_WARN_STRICT_PROTOTYPES = YES;
				CLANG_WARN_SUSPICIOUS_MOVE = YES;
				CLANG_WARN_UNGUARDED_AVAILABILITY = YES_AGGRESSIVE;
				CLANG_WARN_UNREACHABLE_CODE = YES;
				CLANG_WARN__DUPLICATE_METHOD_MATCH = YES;
				COPY_PHASE_STRIP = NO;
				DEBUG_INFORMATION_FORMAT = "dwarf-with-dsym";
				ENABLE_NS_ASSERTIONS = NO;
				ENABLE_STRICT_OBJC_MSGSEND = YES;
				GCC_C_LANGUAGE_STANDARD = gnu11;
				GCC_NO_COMMON_BLOCKS = YES;
				GCC_WARN_64_TO_32_BIT_CONVERSION = YES;
				GCC_WARN_ABOUT_RETURN_TYPE = YES_ERROR;
				GCC_WARN_UNDECLARED_SELECTOR = YES;
				GCC_WARN_UNINITIALIZED_AUTOS = YES_AGGRESSIVE;
				GCC_WARN_UNUSED_FUNCTION = YES;
				GCC_WARN_UNUSED_VARIABLE = YES;
				IPHONEOS_DEPLOYMENT_TARGET = 15.4;
				MTL_ENABLE_DEBUG_INFO = NO;
				MTL_FAST_MATH = YES;
				SDKROOT = iphoneos;
				SWIFT_COMPILATION_MODE = wholemodule;
				SWIFT_OPTIMIZATION_LEVEL = "-O";
				VALIDATE_PRODUCT = YES;
			};
			name = Release;
		};
		846B6B1A28598107000D01E0 /* Debug */ = {
			isa = XCBuildConfiguration;
			buildSettings = {
				ASSETCATALOG_COMPILER_APPICON_NAME = AppIcon;
				ASSETCATALOG_COMPILER_GLOBAL_ACCENT_COLOR_NAME = AccentColor;
				CODE_SIGN_STYLE = Automatic;
				CURRENT_PROJECT_VERSION = 1;
				GENERATE_INFOPLIST_FILE = YES;
				INFOPLIST_FILE = table_json/Info.plist;
				INFOPLIST_KEY_UIApplicationSupportsIndirectInputEvents = YES;
				INFOPLIST_KEY_UILaunchStoryboardName = LaunchScreen;
				INFOPLIST_KEY_UIMainStoryboardFile = Main;
				INFOPLIST_KEY_UISupportedInterfaceOrientations_iPad = "UIInterfaceOrientationPortrait UIInterfaceOrientationPortraitUpsideDown UIInterfaceOrientationLandscapeLeft UIInterfaceOrientationLandscapeRight";
				INFOPLIST_KEY_UISupportedInterfaceOrientations_iPhone = "UIInterfaceOrientationPortrait UIInterfaceOrientationLandscapeLeft UIInterfaceOrientationLandscapeRight";
				LD_RUNPATH_SEARCH_PATHS = (
					"$(inherited)",
					"@executable_path/Frameworks",
				);
				MARKETING_VERSION = 1.0;
				PRODUCT_BUNDLE_IDENTIFIER = "com.ocbc.table-json";
				PRODUCT_NAME = "$(TARGET_NAME)";
				SWIFT_EMIT_LOC_STRINGS = YES;
				SWIFT_VERSION = 5.0;
				TARGETED_DEVICE_FAMILY = "1,2";
			};
			name = Debug;
		};
		846B6B1B28598107000D01E0 /* Release */ = {
			isa = XCBuildConfiguration;
			buildSettings = {
				ASSETCATALOG_COMPILER_APPICON_NAME = AppIcon;
				ASSETCATALOG_COMPILER_GLOBAL_ACCENT_COLOR_NAME = AccentColor;
				CODE_SIGN_STYLE = Automatic;
				CURRENT_PROJECT_VERSION = 1;
				GENERATE_INFOPLIST_FILE = YES;
				INFOPLIST_FILE = table_json/Info.plist;
				INFOPLIST_KEY_UIApplicationSupportsIndirectInputEvents = YES;
				INFOPLIST_KEY_UILaunchStoryboardName = LaunchScreen;
				INFOPLIST_KEY_UIMainStoryboardFile = Main;
				INFOPLIST_KEY_UISupportedInterfaceOrientations_iPad = "UIInterfaceOrientationPortrait UIInterfaceOrientationPortraitUpsideDown UIInterfaceOrientationLandscapeLeft UIInterfaceOrientationLandscapeRight";
				INFOPLIST_KEY_UISupportedInterfaceOrientations_iPhone = "UIInterfaceOrientationPortrait UIInterfaceOrientationLandscapeLeft UIInterfaceOrientationLandscapeRight";
				LD_RUNPATH_SEARCH_PATHS = (
					"$(inherited)",
					"@executable_path/Frameworks",
				);
				MARKETING_VERSION = 1.0;
				PRODUCT_BUNDLE_IDENTIFIER = "com.ocbc.table-json";
				PRODUCT_NAME = "$(TARGET_NAME)";
				SWIFT_EMIT_LOC_STRINGS = YES;
				SWIFT_VERSION = 5.0;
				TARGETED_DEVICE_FAMILY = "1,2";
			};
			name = Release;
		};
/* End XCBuildConfiguration section */

/* Begin XCConfigurationList section */
		846B6B0028598103000D01E0 /* Build configuration list for PBXProject "table_json" */ = {
			isa = XCConfigurationList;
			buildConfigurations = (
				846B6B1728598107000D01E0 /* Debug */,
				846B6B1828598107000D01E0 /* Release */,
			);
			defaultConfigurationIsVisible = 0;
			defaultConfigurationName = Release;
		};
		846B6B1928598107000D01E0 /* Build configuration list for PBXNativeTarget "table_json" */ = {
			isa = XCConfigurationList;
			buildConfigurations = (
				846B6B1A28598107000D01E0 /* Debug */,
				846B6B1B28598107000D01E0 /* Release */,
			);
			defaultConfigurationIsVisible = 0;
			defaultConfigurationName = Release;
		};
/* End XCConfigurationList section */
	};
	rootObject = 846B6AFD28598103000D01E0 /* Project object */;
}
